
Microsoft Visual Studio Solution File, Format Version 12.00
# Visual Studio Version 17
VisualStudioVersion = 17.5.33424.131
MinimumVisualStudioVersion = 10.0.40219.1
Project("{9A19103F-16F7-4668-BE54-9A1E7A4F7556}") = "BaseProject", "BaseProject\BaseProject.csproj", "{B0ED3839-56B2-4B46-9BD0-F9704C455EB6}"
EndProject
Project("{9A19103F-16F7-4668-BE54-9A1E7A4F7556}") = "WebApp.Strategy", "WebApp.Strategy\WebApp.Strategy.csproj", "{0A19A12E-FFF8-49DD-B844-F0CD81B4A0B6}"
EndProject
Project("{9A19103F-16F7-4668-BE54-9A1E7A4F7556}") = "WebApp.Template", "WebApp.Template\WebApp.Template.csproj", "{B7A4EF6E-FF6E-49BA-BD2E-31DCA46D7B13}"
EndProject
Global
	GlobalSection(SolutionConfigurationPlatforms) = preSolution
		Debug|Any CPU = Debug|Any CPU
		Release|Any CPU = Release|Any CPU
	EndGlobalSection
	GlobalSection(ProjectConfigurationPlatforms) = postSolution
		{B0ED3839-56B2-4B46-9BD0-F9704C455EB6}.Debug|Any CPU.ActiveCfg = Debug|Any CPU
		{B0ED3839-56B2-4B46-9BD0-F9704C455EB6}.Debug|Any CPU.Build.0 = Debug|Any CPU
		{B0ED3839-56B2-4B46-9BD0-F9704C455EB6}.Release|Any CPU.ActiveCfg = Release|Any CPU
		{B0ED3839-56B2-4B46-9BD0-F9704C455EB6}.Release|Any CPU.Build.0 = Release|Any CPU
		{0A19A12E-FFF8-49DD-B844-F0CD81B4A0B6}.Debug|Any CPU.ActiveCfg = Debug|Any CPU
		{0A19A12E-FFF8-49DD-B844-F0CD81B4A0B6}.Debug|Any CPU.Build.0 = Debug|Any CPU
		{0A19A12E-FFF8-49DD-B844-F0CD81B4A0B6}.Release|Any CPU.ActiveCfg = Release|Any CPU
		{0A19A12E-FFF8-49DD-B844-F0CD81B4A0B6}.Release|Any CPU.Build.0 = Release|Any CPU
		{B7A4EF6E-FF6E-49BA-BD2E-31DCA46D7B13}.Debug|Any CPU.ActiveCfg = Debug|Any CPU
		{B7A4EF6E-FF6E-49BA-BD2E-31DCA46D7B13}.Debug|Any CPU.Build.0 = Debug|Any CPU
		{B7A4EF6E-FF6E-49BA-BD2E-31DCA46D7B13}.Release|Any CPU.ActiveCfg = Release|Any CPU
		{B7A4EF6E-FF6E-49BA-BD2E-31DCA46D7B13}.Release|Any CPU.Build.0 = Release|Any CPU
	EndGlobalSection
	GlobalSection(SolutionProperties) = preSolution
		HideSolutionNode = FALSE
	EndGlobalSection
	GlobalSection(ExtensibilityGlobals) = postSolution
		SolutionGuid = {3E87F1F3-E254-4077-B852-D860280305C3}
	EndGlobalSection
EndGlobal
